# THIS IS AN AUTOGENERATED FILE. DO NOT EDIT THIS FILE DIRECTLY.
# yarn lockfile v1


"@babel/runtime@^7.21.0":
  version "7.23.2"
  resolved "https://registry.yarnpkg.com/@babel/runtime/-/runtime-7.23.2.tgz#062b0ac103261d68a966c4c7baf2ae3e62ec3885"
  integrity sha512-mM8eg4yl5D6i3lu2QKPuPH4FArvJ8KhTofbE7jwMUv9KX5mBvwPAqnV3MlyBNqdp9RyRKP6Yck8TrfYrPvX3bg==
  dependencies:
    regenerator-runtime "^0.14.0"

csv-generate@^4.3.0:
  version "4.3.0"
  resolved "https://registry.yarnpkg.com/csv-generate/-/csv-generate-4.3.0.tgz#e9004172ab1995815580f2253d8fc1bbd43a5d1f"
  integrity sha512-7KdVId/2RgwPIKfWHaHtjBq7I9mgdi8ICzsUyIhP8is6UwpwVGGSC/aPnrZ8/SkgBcCP20lXrdPuP64Irs1VBg==

csv-parse@^5.5.2:
  version "5.5.2"
  resolved "https://registry.yarnpkg.com/csv-parse/-/csv-parse-5.5.2.tgz#ab525e642093dccff7c5cca5c7b71fd3e99fe8f2"
  integrity sha512-YRVtvdtUNXZCMyK5zd5Wty1W6dNTpGKdqQd4EQ8tl/c6KW1aMBB1Kg1ppky5FONKmEqGJ/8WjLlTNLPne4ioVA==

csv-stringify@^6.4.4:
  version "6.4.4"
  resolved "https://registry.yarnpkg.com/csv-stringify/-/csv-stringify-6.4.4.tgz#92ef52e21b5cc39d20e7db9b6b913367460e2659"
  integrity sha512-NDshLupGa7gp4UG4sSNIqwYJqgSwvds0SvENntxoVoVvTzXcrHvd5gG2MWpbRpSNvk59dlmIe1IwNvSxN4IVmg==

csv@^6.3.5:
  version "6.3.5"
  resolved "https://registry.yarnpkg.com/csv/-/csv-6.3.5.tgz#af8c9f76fef21974cb8968a044fdeb1f84556011"
  integrity sha512-Y+KTCAUljtq2JaGP42ZL1bymqlU5BkfnFpZhxRczGFDZox2VXhlRHnG5DRshyUrwQzmCdEiLjSqNldCfm1OVCA==
  dependencies:
    csv-generate "^4.3.0"
    csv-parse "^5.5.2"
    csv-stringify "^6.4.4"
    stream-transform "^3.2.10"

date-fns@^2.30.0:
  version "2.30.0"
  resolved "https://registry.yarnpkg.com/date-fns/-/date-fns-2.30.0.tgz#f367e644839ff57894ec6ac480de40cae4b0f4d0"
  integrity sha512-fnULvOpxnC5/Vg3NCiWelDsLiUc9bRwAPs/+LfTLNvetFCtCTN+yQz15C/fs4AwX1R9K5GLtLfn8QW+dWisaAw==
  dependencies:
    "@babel/runtime" "^7.21.0"

regenerator-runtime@^0.14.0:
  version "0.14.0"
  resolved "https://registry.yarnpkg.com/regenerator-runtime/-/regenerator-runtime-0.14.0.tgz#5e19d68eb12d486f797e15a3c6a918f7cec5eb45"
  integrity sha512-srw17NI0TUWHuGa5CFGGmhfNIeja30WMBfbslPNhf6JrqQlLN5gcrvig1oqPxiVaXb0oW0XRKtH6Nngs5lKCIA==

robust-orientation@^1.0.2:
  version "1.2.1"
  resolved "https://registry.yarnpkg.com/robust-orientation/-/robust-orientation-1.2.1.tgz#f6c2b00a5df5f1cb9597be63a45190f273899361"
  integrity sha512-FuTptgKwY6iNuU15nrIJDLjXzCChWB+T4AvksRtwPS/WZ3HuP1CElCm1t+OBfgQKfWbtZIawip+61k7+buRKAg==
  dependencies:
    robust-scale "^1.0.2"
    robust-subtract "^1.0.0"
    robust-sum "^1.0.0"
    two-product "^1.0.2"

robust-point-in-polygon@^1.0.3:
  version "1.0.3"
  resolved "https://registry.yarnpkg.com/robust-point-in-polygon/-/robust-point-in-polygon-1.0.3.tgz#ea68f025a44dfe6aede80f0863788705cf547ec4"
  integrity sha512-pPzz7AevOOcPYnFv4Vs5L0C7BKOq6C/TfAw5EUE58CylbjGiPyMjAnPLzzSuPZ2zftUGwWbmLWPOjPOz61tAcA==
  dependencies:
    robust-orientation "^1.0.2"

robust-scale@^1.0.2:
  version "1.0.2"
  resolved "https://registry.yarnpkg.com/robust-scale/-/robust-scale-1.0.2.tgz#775132ed09542d028e58b2cc79c06290bcf78c32"
  integrity sha512-jBR91a/vomMAzazwpsPTPeuTPPmWBacwA+WYGNKcRGSh6xweuQ2ZbjRZ4v792/bZOhRKXRiQH0F48AvuajY0tQ==
  dependencies:
    two-product "^1.0.2"
    two-sum "^1.0.0"

robust-subtract@^1.0.0:
  version "1.0.0"
  resolved "https://registry.yarnpkg.com/robust-subtract/-/robust-subtract-1.0.0.tgz#e0b164e1ed8ba4e3a5dda45a12038348dbed3e9a"
  integrity sha512-xhKUno+Rl+trmxAIVwjQMiVdpF5llxytozXJOdoT4eTIqmqsndQqFb1A0oiW3sZGlhMRhOi6pAD4MF1YYW6o/A==

robust-sum@^1.0.0:
  version "1.0.0"
  resolved "https://registry.yarnpkg.com/robust-sum/-/robust-sum-1.0.0.tgz#16646e525292b4d25d82757a286955e0bbfa53d9"
  integrity sha512-AvLExwpaqUqD1uwLU6MwzzfRdaI6VEZsyvQ3IAQ0ZJ08v1H+DTyqskrf2ZJyh0BDduFVLN7H04Zmc+qTiahhAw==

stream-transform@^3.2.10:
  version "3.2.10"
  resolved "https://registry.yarnpkg.com/stream-transform/-/stream-transform-3.2.10.tgz#1c59b9656d787de210ba17095933f5a88cb8e31b"
  integrity sha512-Yu+x7zcWbWdyB0Td8dFzHt2JEyD6694CNq2lqh1rbuEBVxPtjb/GZ7xDnZcdYiU5E/RtufM54ClSEOzZDeWguA==

two-product@^1.0.2:
  version "1.0.2"
  resolved "https://registry.yarnpkg.com/two-product/-/two-product-1.0.2.tgz#67d95d4b257a921e2cb4bd7af9511f9088522eaa"
  integrity sha512-vOyrqmeYvzjToVM08iU52OFocWT6eB/I5LUWYnxeAPGXAhAxXYU/Yr/R2uY5/5n4bvJQL9AQulIuxpIsMoT8XQ==

two-sum@^1.0.0:
  version "1.0.0"
  resolved "https://registry.yarnpkg.com/two-sum/-/two-sum-1.0.0.tgz#31d3f32239e4f731eca9df9155e2b297f008ab64"
  integrity sha512-phP48e8AawgsNUjEY2WvoIWqdie8PoiDZGxTDv70LDr01uX5wLEQbOgSP7Z/B6+SW5oLtbe8qaYX2fKJs3CGTw==
